{
	"name": "deluge",
	"lockfileVersion": 3,
	"requires": true,
	"packages": {
		"": {
			"name": "deluge",
			"dependencies": {
				"@types/audioworklet": "^0.0.50",
				"client-zip": "^2.4.4"
			},
			"devDependencies": {
				"prettier": "^3.0.3"
			},
			"peerDependencies": {
				"typescript": "^5.0.0"
			}
		},
		"node_modules/@types/audioworklet": {
			"version": "0.0.50",
			"resolved": "https://registry.npmjs.org/@types/audioworklet/-/audioworklet-0.0.50.tgz",
			"integrity": "sha512-Wic6k+tczhJZz4yq2ianEowIF/xH10wI9ac8sBDh27Jvs+WIvXIeM+nWPPRITFwSKuLZKlvVjfLiNmUjfy4koA=="
		},
		"node_modules/client-zip": {
			"version": "2.4.4",
			"resolved": "https://registry.npmjs.org/client-zip/-/client-zip-2.4.4.tgz",
			"integrity": "sha512-Ixk40BUI7VvNDxW7SCze20GbCuC+gjP4tGkXUpo6/W96bOf96HSed6cOQVeUOIe74SJAG/dIrBr7AtR4xBVnsA=="
		},
		"node_modules/prettier": {
			"version": "3.2.5",
			"resolved": "https://registry.npmjs.org/prettier/-/prettier-3.2.5.tgz",
			"integrity": "sha512-3/GWa9aOC0YeD7LUfvOG2NiDyhOWRvt1k+rcKhOuYnMY24iiCphgneUfJDyFXd6rZCAnuLBv6UeAULtrhT/F4A==",
			"dev": true,
			"bin": {
				"prettier": "bin/prettier.cjs"
			},
			"engines": {
				"node": ">=14"
			},
			"funding": {
				"url": "https://github.com/prettier/prettier?sponsor=1"
			}
		},
		"node_modules/typescript": {
			"version": "5.4.2",
			"resolved": "https://registry.npmjs.org/typescript/-/typescript-5.4.2.tgz",
			"integrity": "sha512-+2/g0Fds1ERlP6JsakQQDXjZdZMM+rqpamFZJEKh4kwTIn3iDkgKtby0CeNd5ATNZ4Ry1ax15TMx0W2V+miizQ==",
			"peer": true,
			"bin": {
				"tsc": "bin/tsc",
				"tsserver": "bin/tsserver"
			},
			"engines": {
				"node": ">=14.17"
			}
		}
	}
}
