{
	"name": "deluge",
	"lockfileVersion": 3,
	"requires": true,
	"packages": {
		"": {
			"name": "deluge",
			"dependencies": {
				"@interactjs/interactjs": "^1.10.26",
				"@types/audioworklet": "^0.0.50",
				"client-zip": "^2.4.4",
				"interactjs": "^1.10.26"
			},
			"devDependencies": {
				"@interactjs/types": "^1.10.26",
				"prettier": "^3.0.3"
			},
			"peerDependencies": {
				"typescript": "^5.0.0"
			}
		},
		"node_modules/@babel/parser": {
			"version": "7.24.0",
			"resolved": "https://registry.npmjs.org/@babel/parser/-/parser-7.24.0.tgz",
			"integrity": "sha512-QuP/FxEAzMSjXygs8v4N9dvdXzEHN4W1oF3PxuWAtPo08UdM17u89RDMgjLn/mlc56iM0HlLmVkO/wgR+rDgHg==",
			"optional": true,
			"bin": {
				"parser": "bin/babel-parser.js"
			},
			"engines": {
				"node": ">=6.0.0"
			}
		},
		"node_modules/@interactjs/actions": {
			"version": "1.10.26",
			"resolved": "https://registry.npmjs.org/@interactjs/actions/-/actions-1.10.26.tgz",
			"integrity": "sha512-MiZVpNmvNVziK2LuPUFLojGhRcH3zVWyyCqT5RFhVGSNmYBPWzhpLa387D56oGZkglUJ9VQJKilLhPzLL4jSSw==",
			"optionalDependencies": {
				"@interactjs/interact": "1.10.26"
			},
			"peerDependencies": {
				"@interactjs/core": "1.10.26",
				"@interactjs/utils": "1.10.26"
			}
		},
		"node_modules/@interactjs/auto-scroll": {
			"version": "1.10.26",
			"resolved": "https://registry.npmjs.org/@interactjs/auto-scroll/-/auto-scroll-1.10.26.tgz",
			"integrity": "sha512-oNDJ2uMk2dBUOajuoJkjQGQOaNCN2oUxGfwyv6YnjPWTpoQtmZ9GP+Ywr4LWQ5z8VMyctzl4u7c3gTMwU4d7/w==",
			"optionalDependencies": {
				"@interactjs/interact": "1.10.26"
			},
			"peerDependencies": {
				"@interactjs/utils": "1.10.26"
			}
		},
		"node_modules/@interactjs/auto-start": {
			"version": "1.10.26",
			"resolved": "https://registry.npmjs.org/@interactjs/auto-start/-/auto-start-1.10.26.tgz",
			"integrity": "sha512-CnYH3quBJuHR8IuDW258npf18tnI3Ornk4bVBi6o42jGf54X5FIb4Uu+H2mAFQm8xH81lTqa59CHb+m8KcouYg==",
			"optionalDependencies": {
				"@interactjs/interact": "1.10.26"
			},
			"peerDependencies": {
				"@interactjs/core": "1.10.26",
				"@interactjs/utils": "1.10.26"
			}
		},
		"node_modules/@interactjs/core": {
			"version": "1.10.26",
			"resolved": "https://registry.npmjs.org/@interactjs/core/-/core-1.10.26.tgz",
			"integrity": "sha512-UcxCkUlf2iqhqCKvGo+YGAat19OPYIlKGlyDmxLU3reyVHDvv8+FSckX4/sfQakz4yyMpUh+r8Ali9rFH9Rt9w==",
			"peerDependencies": {
				"@interactjs/utils": "1.10.26"
			}
		},
		"node_modules/@interactjs/dev-tools": {
			"version": "1.10.26",
			"resolved": "https://registry.npmjs.org/@interactjs/dev-tools/-/dev-tools-1.10.26.tgz",
			"integrity": "sha512-bg0uvk+9cDNjksLKoFHjQmWJNnAnJPs++OqMqWE1KgSShhfNpna3Vyfcx7rMkcspirY7MYH5mdpokLyzCsvMzw==",
			"optionalDependencies": {
				"@interactjs/interact": "1.10.26",
				"vue": "3"
			},
			"peerDependencies": {
				"@interactjs/modifiers": "1.10.26",
				"@interactjs/utils": "1.10.26"
			}
		},
		"node_modules/@interactjs/inertia": {
			"version": "1.10.26",
			"resolved": "https://registry.npmjs.org/@interactjs/inertia/-/inertia-1.10.26.tgz",
			"integrity": "sha512-W7nBCPavFNAT6iVJBAqWZPmOT4qAersceqAsjc5L8nb9AnO+IllZrNRS9EF3cnIhkg+HxdoVnAGegYl1CS3Rjg==",
			"dependencies": {
				"@interactjs/offset": "1.10.26"
			},
			"optionalDependencies": {
				"@interactjs/interact": "1.10.26"
			},
			"peerDependencies": {
				"@interactjs/core": "1.10.26",
				"@interactjs/modifiers": "1.10.26",
				"@interactjs/utils": "1.10.26"
			}
		},
		"node_modules/@interactjs/interact": {
			"version": "1.10.26",
			"resolved": "https://registry.npmjs.org/@interactjs/interact/-/interact-1.10.26.tgz",
			"integrity": "sha512-thxSJDxLV8s2Nn7i0HWjW5V6dFE/Qv2AgtNkH+QV3PdAb0AtOZpidCiKS4ni/TMen+skoalirMIxnUo9yXPVvg==",
			"dependencies": {
				"@interactjs/core": "1.10.26",
				"@interactjs/utils": "1.10.26"
			}
		},
		"node_modules/@interactjs/interactjs": {
			"version": "1.10.26",
			"resolved": "https://registry.npmjs.org/@interactjs/interactjs/-/interactjs-1.10.26.tgz",
			"integrity": "sha512-Ta75sQy84yaSHzLBdXAbc2PvWEJ/9jy1YNpgrlsTuCfI3+g5Ixd2jrqPhT7K7iIaClWV/Wx2ejCH+dM0vqQwSQ==",
			"dependencies": {
				"@interactjs/actions": "1.10.26",
				"@interactjs/auto-scroll": "1.10.26",
				"@interactjs/auto-start": "1.10.26",
				"@interactjs/core": "1.10.26",
				"@interactjs/dev-tools": "1.10.26",
				"@interactjs/inertia": "1.10.26",
				"@interactjs/interact": "1.10.26",
				"@interactjs/modifiers": "1.10.26",
				"@interactjs/offset": "1.10.26",
				"@interactjs/pointer-events": "1.10.26",
				"@interactjs/reflow": "1.10.26",
				"@interactjs/utils": "1.10.26"
			}
		},
		"node_modules/@interactjs/modifiers": {
			"version": "1.10.26",
			"resolved": "https://registry.npmjs.org/@interactjs/modifiers/-/modifiers-1.10.26.tgz",
			"integrity": "sha512-Y7V7Qw9kD0KrBRKzpd7h1U2IDlL/J7aN2B4HzPS/JzH+mjTgzcGY2RPpGJZeX3ld5HWlfGKTgT0+1L/SBlCXbA==",
			"dependencies": {
				"@interactjs/snappers": "1.10.26"
			},
			"optionalDependencies": {
				"@interactjs/interact": "1.10.26"
			},
			"peerDependencies": {
				"@interactjs/core": "1.10.26",
				"@interactjs/utils": "1.10.26"
			}
		},
		"node_modules/@interactjs/offset": {
			"version": "1.10.26",
			"resolved": "https://registry.npmjs.org/@interactjs/offset/-/offset-1.10.26.tgz",
			"integrity": "sha512-7dSCldNhkfr23ytZU7VWb3RPb1sKaIP07v0XbMun6Z0CnpruoHfvc8DXJulixRB2EZqFpm0xY8E4CGaO/QwwDQ==",
			"optionalDependencies": {
				"@interactjs/interact": "1.10.26"
			},
			"peerDependencies": {
				"@interactjs/core": "1.10.26",
				"@interactjs/utils": "1.10.26"
			}
		},
		"node_modules/@interactjs/pointer-events": {
			"version": "1.10.26",
			"resolved": "https://registry.npmjs.org/@interactjs/pointer-events/-/pointer-events-1.10.26.tgz",
			"integrity": "sha512-vEvnq5qay4rtNLqMYlDXL3wFLcTas30dQzBbmy/f/IA0uIDBzYJAof/cpee+5HRc5/X4+M46pUdWUj2iz+HZrA==",
			"optionalDependencies": {
				"@interactjs/interact": "1.10.26"
			},
			"peerDependencies": {
				"@interactjs/core": "1.10.26",
				"@interactjs/utils": "1.10.26"
			}
		},
		"node_modules/@interactjs/reflow": {
			"version": "1.10.26",
			"resolved": "https://registry.npmjs.org/@interactjs/reflow/-/reflow-1.10.26.tgz",
			"integrity": "sha512-9mOqW1p255Bgc1ocbXYdyLTDCgc3vHZpeDbnvbdyrUYQdHTvVKsy6/FrcAICEbZ0qgjjN5qstiB1S5i+MmxW7Q==",
			"optionalDependencies": {
				"@interactjs/interact": "1.10.26"
			},
			"peerDependencies": {
				"@interactjs/core": "1.10.26",
				"@interactjs/utils": "1.10.26"
			}
		},
		"node_modules/@interactjs/snappers": {
			"version": "1.10.26",
			"resolved": "https://registry.npmjs.org/@interactjs/snappers/-/snappers-1.10.26.tgz",
			"integrity": "sha512-WSNQLsaprLjShqmPBcz51SX+OOoYv9gYnE4M7HfakxTl2kSd5ae4d/HkM9n41J8IcCCEOBn2l49AO00qyRmnqw==",
			"optionalDependencies": {
				"@interactjs/interact": "1.10.26"
			},
			"peerDependencies": {
				"@interactjs/utils": "1.10.26"
			}
		},
		"node_modules/@interactjs/types": {
			"version": "1.10.26",
			"resolved": "https://registry.npmjs.org/@interactjs/types/-/types-1.10.26.tgz",
			"integrity": "sha512-DekYpdkMV3XJVd/0k3f4pJluZAsCiG86yEtVXvGLK0lS/Fj0+OzYEv7HoMpcBZSkQ8s7//yaeEBgnxy2tV81lA=="
		},
		"node_modules/@interactjs/utils": {
			"version": "1.10.26",
			"resolved": "https://registry.npmjs.org/@interactjs/utils/-/utils-1.10.26.tgz",
			"integrity": "sha512-tTmHsvQrLY4KDXyXqU5Y68Z2a3IzPD1WF87x+3ike1/Tu8dHb9Ea2gN1LBTbtSj7Nv3U/vA39opgrHBFha1DGA=="
		},
		"node_modules/@jridgewell/sourcemap-codec": {
			"version": "1.4.15",
			"resolved": "https://registry.npmjs.org/@jridgewell/sourcemap-codec/-/sourcemap-codec-1.4.15.tgz",
			"integrity": "sha512-eF2rxCRulEKXHTRiDrDy6erMYWqNw4LPdQ8UQA4huuxaQsVeRPFl2oM8oDGxMFhJUWZf9McpLtJasDDZb/Bpeg==",
			"optional": true
		},
		"node_modules/@types/audioworklet": {
			"version": "0.0.50",
			"resolved": "https://registry.npmjs.org/@types/audioworklet/-/audioworklet-0.0.50.tgz",
			"integrity": "sha512-Wic6k+tczhJZz4yq2ianEowIF/xH10wI9ac8sBDh27Jvs+WIvXIeM+nWPPRITFwSKuLZKlvVjfLiNmUjfy4koA=="
		},
		"node_modules/@vue/compiler-core": {
			"version": "3.4.21",
			"resolved": "https://registry.npmjs.org/@vue/compiler-core/-/compiler-core-3.4.21.tgz",
			"integrity": "sha512-MjXawxZf2SbZszLPYxaFCjxfibYrzr3eYbKxwpLR9EQN+oaziSu3qKVbwBERj1IFIB8OLUewxB5m/BFzi613og==",
			"optional": true,
			"dependencies": {
				"@babel/parser": "^7.23.9",
				"@vue/shared": "3.4.21",
				"entities": "^4.5.0",
				"estree-walker": "^2.0.2",
				"source-map-js": "^1.0.2"
			}
		},
		"node_modules/@vue/compiler-dom": {
			"version": "3.4.21",
			"resolved": "https://registry.npmjs.org/@vue/compiler-dom/-/compiler-dom-3.4.21.tgz",
			"integrity": "sha512-IZC6FKowtT1sl0CR5DpXSiEB5ayw75oT2bma1BEhV7RRR1+cfwLrxc2Z8Zq/RGFzJ8w5r9QtCOvTjQgdn0IKmA==",
			"optional": true,
			"dependencies": {
				"@vue/compiler-core": "3.4.21",
				"@vue/shared": "3.4.21"
			}
		},
		"node_modules/@vue/compiler-sfc": {
			"version": "3.4.21",
			"resolved": "https://registry.npmjs.org/@vue/compiler-sfc/-/compiler-sfc-3.4.21.tgz",
			"integrity": "sha512-me7epoTxYlY+2CUM7hy9PCDdpMPfIwrOvAXud2Upk10g4YLv9UBW7kL798TvMeDhPthkZ0CONNrK2GoeI1ODiQ==",
			"optional": true,
			"dependencies": {
				"@babel/parser": "^7.23.9",
				"@vue/compiler-core": "3.4.21",
				"@vue/compiler-dom": "3.4.21",
				"@vue/compiler-ssr": "3.4.21",
				"@vue/shared": "3.4.21",
				"estree-walker": "^2.0.2",
				"magic-string": "^0.30.7",
				"postcss": "^8.4.35",
				"source-map-js": "^1.0.2"
			}
		},
		"node_modules/@vue/compiler-ssr": {
			"version": "3.4.21",
			"resolved": "https://registry.npmjs.org/@vue/compiler-ssr/-/compiler-ssr-3.4.21.tgz",
			"integrity": "sha512-M5+9nI2lPpAsgXOGQobnIueVqc9sisBFexh5yMIMRAPYLa7+5wEJs8iqOZc1WAa9WQbx9GR2twgznU8LTIiZ4Q==",
			"optional": true,
			"dependencies": {
				"@vue/compiler-dom": "3.4.21",
				"@vue/shared": "3.4.21"
			}
		},
		"node_modules/@vue/reactivity": {
			"version": "3.4.21",
			"resolved": "https://registry.npmjs.org/@vue/reactivity/-/reactivity-3.4.21.tgz",
			"integrity": "sha512-UhenImdc0L0/4ahGCyEzc/pZNwVgcglGy9HVzJ1Bq2Mm9qXOpP8RyNTjookw/gOCUlXSEtuZ2fUg5nrHcoqJcw==",
			"optional": true,
			"dependencies": {
				"@vue/shared": "3.4.21"
			}
		},
		"node_modules/@vue/runtime-core": {
			"version": "3.4.21",
			"resolved": "https://registry.npmjs.org/@vue/runtime-core/-/runtime-core-3.4.21.tgz",
			"integrity": "sha512-pQthsuYzE1XcGZznTKn73G0s14eCJcjaLvp3/DKeYWoFacD9glJoqlNBxt3W2c5S40t6CCcpPf+jG01N3ULyrA==",
			"optional": true,
			"dependencies": {
				"@vue/reactivity": "3.4.21",
				"@vue/shared": "3.4.21"
			}
		},
		"node_modules/@vue/runtime-dom": {
			"version": "3.4.21",
			"resolved": "https://registry.npmjs.org/@vue/runtime-dom/-/runtime-dom-3.4.21.tgz",
			"integrity": "sha512-gvf+C9cFpevsQxbkRBS1NpU8CqxKw0ebqMvLwcGQrNpx6gqRDodqKqA+A2VZZpQ9RpK2f9yfg8VbW/EpdFUOJw==",
			"optional": true,
			"dependencies": {
				"@vue/runtime-core": "3.4.21",
				"@vue/shared": "3.4.21",
				"csstype": "^3.1.3"
			}
		},
		"node_modules/@vue/server-renderer": {
			"version": "3.4.21",
			"resolved": "https://registry.npmjs.org/@vue/server-renderer/-/server-renderer-3.4.21.tgz",
			"integrity": "sha512-aV1gXyKSN6Rz+6kZ6kr5+Ll14YzmIbeuWe7ryJl5muJ4uwSwY/aStXTixx76TwkZFJLm1aAlA/HSWEJ4EyiMkg==",
			"optional": true,
			"dependencies": {
				"@vue/compiler-ssr": "3.4.21",
				"@vue/shared": "3.4.21"
			},
			"peerDependencies": {
				"vue": "3.4.21"
			}
		},
		"node_modules/@vue/shared": {
			"version": "3.4.21",
			"resolved": "https://registry.npmjs.org/@vue/shared/-/shared-3.4.21.tgz",
			"integrity": "sha512-PuJe7vDIi6VYSinuEbUIQgMIRZGgM8e4R+G+/dQTk0X1NEdvgvvgv7m+rfmDH1gZzyA1OjjoWskvHlfRNfQf3g==",
			"optional": true
		},
		"node_modules/client-zip": {
			"version": "2.4.4",
			"resolved": "https://registry.npmjs.org/client-zip/-/client-zip-2.4.4.tgz",
			"integrity": "sha512-Ixk40BUI7VvNDxW7SCze20GbCuC+gjP4tGkXUpo6/W96bOf96HSed6cOQVeUOIe74SJAG/dIrBr7AtR4xBVnsA=="
		},
		"node_modules/csstype": {
			"version": "3.1.3",
			"resolved": "https://registry.npmjs.org/csstype/-/csstype-3.1.3.tgz",
			"integrity": "sha512-M1uQkMl8rQK/szD0LNhtqxIPLpimGm8sOBwU7lLnCpSbTyY3yeU1Vc7l4KT5zT4s/yOxHH5O7tIuuLOCnLADRw==",
			"optional": true
		},
		"node_modules/entities": {
			"version": "4.5.0",
			"resolved": "https://registry.npmjs.org/entities/-/entities-4.5.0.tgz",
			"integrity": "sha512-V0hjH4dGPh9Ao5p0MoRY6BVqtwCjhz6vI5LT8AJ55H+4g9/4vbHx1I54fS0XuclLhDHArPQCiMjDxjaL8fPxhw==",
			"optional": true,
			"engines": {
				"node": ">=0.12"
			},
			"funding": {
				"url": "https://github.com/fb55/entities?sponsor=1"
			}
		},
		"node_modules/estree-walker": {
			"version": "2.0.2",
			"resolved": "https://registry.npmjs.org/estree-walker/-/estree-walker-2.0.2.tgz",
			"integrity": "sha512-Rfkk/Mp/DL7JVje3u18FxFujQlTNR2q6QfMSMB7AvCBx91NGj/ba3kCfza0f6dVDbw7YlRf/nDrn7pQrCCyQ/w==",
			"optional": true
		},
		"node_modules/interactjs": {
			"version": "1.10.26",
			"resolved": "https://registry.npmjs.org/interactjs/-/interactjs-1.10.26.tgz",
			"integrity": "sha512-5gNTNDTfEHp2EifqtWGi5VkD3CMZVJSTGmtK/IsVRd+rkOk3E63iVs5Z+IeD5K1Lr0qZpU2754VHAwf5i+Z9xg==",
			"dependencies": {
				"@interactjs/types": "1.10.26"
			}
		},
		"node_modules/magic-string": {
			"version": "0.30.8",
			"resolved": "https://registry.npmjs.org/magic-string/-/magic-string-0.30.8.tgz",
			"integrity": "sha512-ISQTe55T2ao7XtlAStud6qwYPZjE4GK1S/BeVPus4jrq6JuOnQ00YKQC581RWhR122W7msZV263KzVeLoqidyQ==",
			"optional": true,
			"dependencies": {
				"@jridgewell/sourcemap-codec": "^1.4.15"
			},
			"engines": {
				"node": ">=12"
			}
		},
		"node_modules/nanoid": {
			"version": "3.3.7",
			"resolved": "https://registry.npmjs.org/nanoid/-/nanoid-3.3.7.tgz",
			"integrity": "sha512-eSRppjcPIatRIMC1U6UngP8XFcz8MQWGQdt1MTBQ7NaAmvXDfvNxbvWV3x2y6CdEUciCSsDHDQZbhYaB8QEo2g==",
			"funding": [
				{
					"type": "github",
					"url": "https://github.com/sponsors/ai"
				}
			],
			"optional": true,
			"bin": {
				"nanoid": "bin/nanoid.cjs"
			},
			"engines": {
				"node": "^10 || ^12 || ^13.7 || ^14 || >=15.0.1"
			}
		},
		"node_modules/picocolors": {
			"version": "1.0.0",
			"resolved": "https://registry.npmjs.org/picocolors/-/picocolors-1.0.0.tgz",
			"integrity": "sha512-1fygroTLlHu66zi26VoTDv8yRgm0Fccecssto+MhsZ0D/DGW2sm8E8AjW7NU5VVTRt5GxbeZ5qBuJr+HyLYkjQ==",
			"optional": true
		},
		"node_modules/postcss": {
			"version": "8.4.35",
			"resolved": "https://registry.npmjs.org/postcss/-/postcss-8.4.35.tgz",
			"integrity": "sha512-u5U8qYpBCpN13BsiEB0CbR1Hhh4Gc0zLFuedrHJKMctHCHAGrMdG0PRM/KErzAL3CU6/eckEtmHNB3x6e3c0vA==",
			"funding": [
				{
					"type": "opencollective",
					"url": "https://opencollective.com/postcss/"
				},
				{
					"type": "tidelift",
					"url": "https://tidelift.com/funding/github/npm/postcss"
				},
				{
					"type": "github",
					"url": "https://github.com/sponsors/ai"
				}
			],
			"optional": true,
			"dependencies": {
				"nanoid": "^3.3.7",
				"picocolors": "^1.0.0",
				"source-map-js": "^1.0.2"
			},
			"engines": {
				"node": "^10 || ^12 || >=14"
			}
		},
		"node_modules/prettier": {
			"version": "3.2.5",
			"resolved": "https://registry.npmjs.org/prettier/-/prettier-3.2.5.tgz",
			"integrity": "sha512-3/GWa9aOC0YeD7LUfvOG2NiDyhOWRvt1k+rcKhOuYnMY24iiCphgneUfJDyFXd6rZCAnuLBv6UeAULtrhT/F4A==",
			"dev": true,
			"bin": {
				"prettier": "bin/prettier.cjs"
			},
			"engines": {
				"node": ">=14"
			},
			"funding": {
				"url": "https://github.com/prettier/prettier?sponsor=1"
			}
		},
		"node_modules/source-map-js": {
			"version": "1.0.2",
			"resolved": "https://registry.npmjs.org/source-map-js/-/source-map-js-1.0.2.tgz",
			"integrity": "sha512-R0XvVJ9WusLiqTCEiGCmICCMplcCkIwwR11mOSD9CR5u+IXYdiseeEuXCVAjS54zqwkLcPNnmU4OeJ6tUrWhDw==",
			"optional": true,
			"engines": {
				"node": ">=0.10.0"
			}
		},
		"node_modules/typescript": {
			"version": "5.4.2",
			"resolved": "https://registry.npmjs.org/typescript/-/typescript-5.4.2.tgz",
			"integrity": "sha512-+2/g0Fds1ERlP6JsakQQDXjZdZMM+rqpamFZJEKh4kwTIn3iDkgKtby0CeNd5ATNZ4Ry1ax15TMx0W2V+miizQ==",
			"peer": true,
			"bin": {
				"tsc": "bin/tsc",
				"tsserver": "bin/tsserver"
			},
			"engines": {
				"node": ">=14.17"
			}
		},
		"node_modules/vue": {
			"version": "3.4.21",
			"resolved": "https://registry.npmjs.org/vue/-/vue-3.4.21.tgz",
			"integrity": "sha512-5hjyV/jLEIKD/jYl4cavMcnzKwjMKohureP8ejn3hhEjwhWIhWeuzL2kJAjzl/WyVsgPY56Sy4Z40C3lVshxXA==",
			"optional": true,
			"dependencies": {
				"@vue/compiler-dom": "3.4.21",
				"@vue/compiler-sfc": "3.4.21",
				"@vue/runtime-dom": "3.4.21",
				"@vue/server-renderer": "3.4.21",
				"@vue/shared": "3.4.21"
			},
			"peerDependencies": {
				"typescript": "*"
			},
			"peerDependenciesMeta": {
				"typescript": {
					"optional": true
				}
			}
		}
	}
}
